// !$*UTF8*$!
{
	archiveVersion = 1;
	classes = {
	};
	objectVersion = 56;
	objects = {

/* Begin PBXBuildFile section */
		796511BD2AA9700900A5B53F /* UserViewStateTests.swift in Sources */ = {isa = PBXBuildFile; fileRef = 796511BC2AA9700900A5B53F /* UserViewStateTests.swift */; };
		D68407EB2A90D7300098B6AE /* OrderedCollections in Frameworks */ = {isa = PBXBuildFile; productRef = D68407EA2A90D7300098B6AE /* OrderedCollections */; };
		D6D652C22A8B160100D0D338 /* SVVSSampleApp.swift in Sources */ = {isa = PBXBuildFile; fileRef = D6D652C12A8B160100D0D338 /* SVVSSampleApp.swift */; };
		D6D652C42A8B160100D0D338 /* ContentView.swift in Sources */ = {isa = PBXBuildFile; fileRef = D6D652C32A8B160100D0D338 /* ContentView.swift */; };
		D6D652C62A8B160400D0D338 /* Assets.xcassets in Resources */ = {isa = PBXBuildFile; fileRef = D6D652C52A8B160400D0D338 /* Assets.xcassets */; };
		D6D652C92A8B160400D0D338 /* Preview Assets.xcassets in Resources */ = {isa = PBXBuildFile; fileRef = D6D652C82A8B160400D0D338 /* Preview Assets.xcassets */; };
		D6D652D32A8B160400D0D338 /* SVVSSampleTests.swift in Sources */ = {isa = PBXBuildFile; fileRef = D6D652D22A8B160400D0D338 /* SVVSSampleTests.swift */; };
		D6D652DD2A8B160400D0D338 /* SVVSSampleUITests.swift in Sources */ = {isa = PBXBuildFile; fileRef = D6D652DC2A8B160400D0D338 /* SVVSSampleUITests.swift */; };
		D6D652DF2A8B160400D0D338 /* SVVSSampleUITestsLaunchTests.swift in Sources */ = {isa = PBXBuildFile; fileRef = D6D652DE2A8B160400D0D338 /* SVVSSampleUITestsLaunchTests.swift */; };
		D6D652EC2A8B199300D0D338 /* User.swift in Sources */ = {isa = PBXBuildFile; fileRef = D6D652EB2A8B199300D0D338 /* User.swift */; };
		D6D652EF2A8B19E100D0D338 /* SwiftID in Frameworks */ = {isa = PBXBuildFile; productRef = D6D652EE2A8B19E100D0D338 /* SwiftID */; };
		D6D652F12A8B1A5600D0D338 /* UserView.swift in Sources */ = {isa = PBXBuildFile; fileRef = D6D652F02A8B1A5600D0D338 /* UserView.swift */; };
		D6D652F32A8B20D700D0D338 /* UserViewState.swift in Sources */ = {isa = PBXBuildFile; fileRef = D6D652F22A8B20D700D0D338 /* UserViewState.swift */; };
		D6D652F52A8B229800D0D338 /* UserStore.swift in Sources */ = {isa = PBXBuildFile; fileRef = D6D652F42A8B229800D0D338 /* UserStore.swift */; };
		D6D652F72A8B241C00D0D338 /* UserRepository.swift in Sources */ = {isa = PBXBuildFile; fileRef = D6D652F62A8B241C00D0D338 /* UserRepository.swift */; };
/* End PBXBuildFile section */

/* Begin PBXContainerItemProxy section */
		D6D652CF2A8B160400D0D338 /* PBXContainerItemProxy */ = {
			isa = PBXContainerItemProxy;
			containerPortal = D6D652B62A8B160100D0D338 /* Project object */;
			proxyType = 1;
			remoteGlobalIDString = D6D652BD2A8B160100D0D338;
			remoteInfo = SVVSSample;
		};
		D6D652D92A8B160400D0D338 /* PBXContainerItemProxy */ = {
			isa = PBXContainerItemProxy;
			containerPortal = D6D652B62A8B160100D0D338 /* Project object */;
			proxyType = 1;
			remoteGlobalIDString = D6D652BD2A8B160100D0D338;
			remoteInfo = SVVSSample;
		};
/* End PBXContainerItemProxy section */

/* Begin PBXFileReference section */
		796511BC2AA9700900A5B53F /* UserViewStateTests.swift */ = {isa = PBXFileReference; lastKnownFileType = sourcecode.swift; path = UserViewStateTests.swift; sourceTree = "<group>"; };
		D6D652BE2A8B160100D0D338 /* SVVSSample.app */ = {isa = PBXFileReference; explicitFileType = wrapper.application; includeInIndex = 0; path = SVVSSample.app; sourceTree = BUILT_PRODUCTS_DIR; };
		D6D652C12A8B160100D0D338 /* SVVSSampleApp.swift */ = {isa = PBXFileReference; lastKnownFileType = sourcecode.swift; path = SVVSSampleApp.swift; sourceTree = "<group>"; };
		D6D652C32A8B160100D0D338 /* ContentView.swift */ = {isa = PBXFileReference; lastKnownFileType = sourcecode.swift; path = ContentView.swift; sourceTree = "<group>"; };
		D6D652C52A8B160400D0D338 /* Assets.xcassets */ = {isa = PBXFileReference; lastKnownFileType = folder.assetcatalog; path = Assets.xcassets; sourceTree = "<group>"; };
		D6D652C82A8B160400D0D338 /* Preview Assets.xcassets */ = {isa = PBXFileReference; lastKnownFileType = folder.assetcatalog; path = "Preview Assets.xcassets"; sourceTree = "<group>"; };
		D6D652CE2A8B160400D0D338 /* SVVSSampleTests.xctest */ = {isa = PBXFileReference; explicitFileType = wrapper.cfbundle; includeInIndex = 0; path = SVVSSampleTests.xctest; sourceTree = BUILT_PRODUCTS_DIR; };
		D6D652D22A8B160400D0D338 /* SVVSSampleTests.swift */ = {isa = PBXFileReference; lastKnownFileType = sourcecode.swift; path = SVVSSampleTests.swift; sourceTree = "<group>"; };
		D6D652D82A8B160400D0D338 /* SVVSSampleUITests.xctest */ = {isa = PBXFileReference; explicitFileType = wrapper.cfbundle; includeInIndex = 0; path = SVVSSampleUITests.xctest; sourceTree = BUILT_PRODUCTS_DIR; };
		D6D652DC2A8B160400D0D338 /* SVVSSampleUITests.swift */ = {isa = PBXFileReference; lastKnownFileType = sourcecode.swift; path = SVVSSampleUITests.swift; sourceTree = "<group>"; };
		D6D652DE2A8B160400D0D338 /* SVVSSampleUITestsLaunchTests.swift */ = {isa = PBXFileReference; lastKnownFileType = sourcecode.swift; path = SVVSSampleUITestsLaunchTests.swift; sourceTree = "<group>"; };
		D6D652EB2A8B199300D0D338 /* User.swift */ = {isa = PBXFileReference; lastKnownFileType = sourcecode.swift; path = User.swift; sourceTree = "<group>"; };
		D6D652F02A8B1A5600D0D338 /* UserView.swift */ = {isa = PBXFileReference; lastKnownFileType = sourcecode.swift; path = UserView.swift; sourceTree = "<group>"; };
		D6D652F22A8B20D700D0D338 /* UserViewState.swift */ = {isa = PBXFileReference; lastKnownFileType = sourcecode.swift; path = UserViewState.swift; sourceTree = "<group>"; };
		D6D652F42A8B229800D0D338 /* UserStore.swift */ = {isa = PBXFileReference; lastKnownFileType = sourcecode.swift; path = UserStore.swift; sourceTree = "<group>"; };
		D6D652F62A8B241C00D0D338 /* UserRepository.swift */ = {isa = PBXFileReference; lastKnownFileType = sourcecode.swift; path = UserRepository.swift; sourceTree = "<group>"; };
/* End PBXFileReference section */

/* Begin PBXFrameworksBuildPhase section */
		D6D652BB2A8B160100D0D338 /* Frameworks */ = {
			isa = PBXFrameworksBuildPhase;
			buildActionMask = 2147483647;
			files = (
				D68407EB2A90D7300098B6AE /* OrderedCollections in Frameworks */,
				D6D652EF2A8B19E100D0D338 /* SwiftID in Frameworks */,
			);
			runOnlyForDeploymentPostprocessing = 0;
		};
		D6D652CB2A8B160400D0D338 /* Frameworks */ = {
			isa = PBXFrameworksBuildPhase;
			buildActionMask = 2147483647;
			files = (
			);
			runOnlyForDeploymentPostprocessing = 0;
		};
		D6D652D52A8B160400D0D338 /* Frameworks */ = {
			isa = PBXFrameworksBuildPhase;
			buildActionMask = 2147483647;
			files = (
			);
			runOnlyForDeploymentPostprocessing = 0;
		};
/* End PBXFrameworksBuildPhase section */

/* Begin PBXGroup section */
		D6D652B52A8B160100D0D338 = {
			isa = PBXGroup;
			children = (
				D6D652C02A8B160100D0D338 /* SVVSSample */,
				D6D652D12A8B160400D0D338 /* SVVSSampleTests */,
				D6D652DB2A8B160400D0D338 /* SVVSSampleUITests */,
				D6D652BF2A8B160100D0D338 /* Products */,
			);
			sourceTree = "<group>";
		};
		D6D652BF2A8B160100D0D338 /* Products */ = {
			isa = PBXGroup;
			children = (
				D6D652BE2A8B160100D0D338 /* SVVSSample.app */,
				D6D652CE2A8B160400D0D338 /* SVVSSampleTests.xctest */,
				D6D652D82A8B160400D0D338 /* SVVSSampleUITests.xctest */,
			);
			name = Products;
			sourceTree = "<group>";
		};
		D6D652C02A8B160100D0D338 /* SVVSSample */ = {
			isa = PBXGroup;
			children = (
				D6D652C12A8B160100D0D338 /* SVVSSampleApp.swift */,
				D6D652C32A8B160100D0D338 /* ContentView.swift */,
				D6D652C52A8B160400D0D338 /* Assets.xcassets */,
				D6D652C72A8B160400D0D338 /* Preview Content */,
				D6D652EB2A8B199300D0D338 /* User.swift */,
				D6D652F02A8B1A5600D0D338 /* UserView.swift */,
				D6D652F22A8B20D700D0D338 /* UserViewState.swift */,
				D6D652F42A8B229800D0D338 /* UserStore.swift */,
				D6D652F62A8B241C00D0D338 /* UserRepository.swift */,
			);
			path = SVVSSample;
			sourceTree = "<group>";
		};
		D6D652C72A8B160400D0D338 /* Preview Content */ = {
			isa = PBXGroup;
			children = (
				D6D652C82A8B160400D0D338 /* Preview Assets.xcassets */,
			);
			path = "Preview Content";
			sourceTree = "<group>";
		};
		D6D652D12A8B160400D0D338 /* SVVSSampleTests */ = {
			isa = PBXGroup;
			children = (
				D6D652D22A8B160400D0D338 /* SVVSSampleTests.swift */,
				796511BC2AA9700900A5B53F /* UserViewStateTests.swift */,
			);
			path = SVVSSampleTests;
			sourceTree = "<group>";
		};
		D6D652DB2A8B160400D0D338 /* SVVSSampleUITests */ = {
			isa = PBXGroup;
			children = (
				D6D652DC2A8B160400D0D338 /* SVVSSampleUITests.swift */,
				D6D652DE2A8B160400D0D338 /* SVVSSampleUITestsLaunchTests.swift */,
			);
			path = SVVSSampleUITests;
			sourceTree = "<group>";
		};
/* End PBXGroup section */

/* Begin PBXNativeTarget section */
		D6D652BD2A8B160100D0D338 /* SVVSSample */ = {
			isa = PBXNativeTarget;
			buildConfigurationList = D6D652E22A8B160400D0D338 /* Build configuration list for PBXNativeTarget "SVVSSample" */;
			buildPhases = (
				D6D652BA2A8B160100D0D338 /* Sources */,
				D6D652BB2A8B160100D0D338 /* Frameworks */,
				D6D652BC2A8B160100D0D338 /* Resources */,
			);
			buildRules = (
			);
			dependencies = (
			);
			name = SVVSSample;
			packageProductDependencies = (
				D6D652EE2A8B19E100D0D338 /* SwiftID */,
				D68407EA2A90D7300098B6AE /* OrderedCollections */,
			);
			productName = SVVSSample;
			productReference = D6D652BE2A8B160100D0D338 /* SVVSSample.app */;
			productType = "com.apple.product-type.application";
		};
		D6D652CD2A8B160400D0D338 /* SVVSSampleTests */ = {
			isa = PBXNativeTarget;
			buildConfigurationList = D6D652E52A8B160400D0D338 /* Build configuration list for PBXNativeTarget "SVVSSampleTests" */;
			buildPhases = (
				D6D652CA2A8B160400D0D338 /* Sources */,
				D6D652CB2A8B160400D0D338 /* Frameworks */,
				D6D652CC2A8B160400D0D338 /* Resources */,
			);
			buildRules = (
			);
			dependencies = (
				D6D652D02A8B160400D0D338 /* PBXTargetDependency */,
			);
			name = SVVSSampleTests;
			productName = SVVSSampleTests;
			productReference = D6D652CE2A8B160400D0D338 /* SVVSSampleTests.xctest */;
			productType = "com.apple.product-type.bundle.unit-test";
		};
		D6D652D72A8B160400D0D338 /* SVVSSampleUITests */ = {
			isa = PBXNativeTarget;
			buildConfigurationList = D6D652E82A8B160400D0D338 /* Build configuration list for PBXNativeTarget "SVVSSampleUITests" */;
			buildPhases = (
				D6D652D42A8B160400D0D338 /* Sources */,
				D6D652D52A8B160400D0D338 /* Frameworks */,
				D6D652D62A8B160400D0D338 /* Resources */,
			);
			buildRules = (
			);
			dependencies = (
				D6D652DA2A8B160400D0D338 /* PBXTargetDependency */,
			);
			name = SVVSSampleUITests;
			productName = SVVSSampleUITests;
			productReference = D6D652D82A8B160400D0D338 /* SVVSSampleUITests.xctest */;
			productType = "com.apple.product-type.bundle.ui-testing";
		};
/* End PBXNativeTarget section */

/* Begin PBXProject section */
		D6D652B62A8B160100D0D338 /* Project object */ = {
			isa = PBXProject;
			attributes = {
				BuildIndependentTargetsInParallel = 1;
				LastSwiftUpdateCheck = 1430;
				LastUpgradeCheck = 1430;
				TargetAttributes = {
					D6D652BD2A8B160100D0D338 = {
						CreatedOnToolsVersion = 14.3.1;
					};
					D6D652CD2A8B160400D0D338 = {
						CreatedOnToolsVersion = 14.3.1;
						TestTargetID = D6D652BD2A8B160100D0D338;
					};
					D6D652D72A8B160400D0D338 = {
						CreatedOnToolsVersion = 14.3.1;
						TestTargetID = D6D652BD2A8B160100D0D338;
					};
				};
			};
			buildConfigurationList = D6D652B92A8B160100D0D338 /* Build configuration list for PBXProject "SVVSSample" */;
			compatibilityVersion = "Xcode 14.0";
			developmentRegion = en;
			hasScannedForEncodings = 0;
			knownRegions = (
				en,
				Base,
			);
			mainGroup = D6D652B52A8B160100D0D338;
			packageReferences = (
				D6D652ED2A8B19E100D0D338 /* XCRemoteSwiftPackageReference "swift-id" */,
				D68407E92A90D7300098B6AE /* XCRemoteSwiftPackageReference "swift-collections" */,
			);
			productRefGroup = D6D652BF2A8B160100D0D338 /* Products */;
			projectDirPath = "";
			projectRoot = "";
			targets = (
				D6D652BD2A8B160100D0D338 /* SVVSSample */,
				D6D652CD2A8B160400D0D338 /* SVVSSampleTests */,
				D6D652D72A8B160400D0D338 /* SVVSSampleUITests */,
			);
		};
/* End PBXProject section */

/* Begin PBXResourcesBuildPhase section */
		D6D652BC2A8B160100D0D338 /* Resources */ = {
			isa = PBXResourcesBuildPhase;
			buildActionMask = 2147483647;
			files = (
				D6D652C92A8B160400D0D338 /* Preview Assets.xcassets in Resources */,
				D6D652C62A8B160400D0D338 /* Assets.xcassets in Resources */,
			);
			runOnlyForDeploymentPostprocessing = 0;
		};
		D6D652CC2A8B160400D0D338 /* Resources */ = {
			isa = PBXResourcesBuildPhase;
			buildActionMask = 2147483647;
			files = (
			);
			runOnlyForDeploymentPostprocessing = 0;
		};
		D6D652D62A8B160400D0D338 /* Resources */ = {
			isa = PBXResourcesBuildPhase;
			buildActionMask = 2147483647;
			files = (
			);
			runOnlyForDeploymentPostprocessing = 0;
		};
/* End PBXResourcesBuildPhase section */

/* Begin PBXSourcesBuildPhase section */
		D6D652BA2A8B160100D0D338 /* Sources */ = {
			isa = PBXSourcesBuildPhase;
			buildActionMask = 2147483647;
			files = (
				D6D652F52A8B229800D0D338 /* UserStore.swift in Sources */,
				D6D652F32A8B20D700D0D338 /* UserViewState.swift in Sources */,
				D6D652C42A8B160100D0D338 /* ContentView.swift in Sources */,
				D6D652F72A8B241C00D0D338 /* UserRepository.swift in Sources */,
				D6D652C22A8B160100D0D338 /* SVVSSampleApp.swift in Sources */,
				D6D652EC2A8B199300D0D338 /* User.swift in Sources */,
				D6D652F12A8B1A5600D0D338 /* UserView.swift in Sources */,
			);
			runOnlyForDeploymentPostprocessing = 0;
		};
		D6D652CA2A8B160400D0D338 /* Sources */ = {
			isa = PBXSourcesBuildPhase;
			buildActionMask = 2147483647;
			files = (
				D6D652D32A8B160400D0D338 /* SVVSSampleTests.swift in Sources */,
				796511BD2AA9700900A5B53F /* UserViewStateTests.swift in Sources */,
			);
			runOnlyForDeploymentPostprocessing = 0;
		};
		D6D652D42A8B160400D0D338 /* Sources */ = {
			isa = PBXSourcesBuildPhase;
			buildActionMask = 2147483647;
			files = (
				D6D652DF2A8B160400D0D338 /* SVVSSampleUITestsLaunchTests.swift in Sources */,
				D6D652DD2A8B160400D0D338 /* SVVSSampleUITests.swift in Sources */,
			);
			runOnlyForDeploymentPostprocessing = 0;
		};
/* End PBXSourcesBuildPhase section */

/* Begin PBXTargetDependency section */
		D6D652D02A8B160400D0D338 /* PBXTargetDependency */ = {
			isa = PBXTargetDependency;
			target = D6D652BD2A8B160100D0D338 /* SVVSSample */;
			targetProxy = D6D652CF2A8B160400D0D338 /* PBXContainerItemProxy */;
		};
		D6D652DA2A8B160400D0D338 /* PBXTargetDependency */ = {
			isa = PBXTargetDependency;
			target = D6D652BD2A8B160100D0D338 /* SVVSSample */;
			targetProxy = D6D652D92A8B160400D0D338 /* PBXContainerItemProxy */;
		};
/* End PBXTargetDependency section */

/* Begin XCBuildConfiguration section */
		D6D652E02A8B160400D0D338 /* Debug */ = {
			isa = XCBuildConfiguration;
			buildSettings = {
				ALWAYS_SEARCH_USER_PATHS = NO;
				CLANG_ANALYZER_NONNULL = YES;
				CLANG_ANALYZER_NUMBER_OBJECT_CONVERSION = YES_AGGRESSIVE;
				CLANG_CXX_LANGUAGE_STANDARD = "gnu++20";
				CLANG_ENABLE_MODULES = YES;
				CLANG_ENABLE_OBJC_ARC = YES;
				CLANG_ENABLE_OBJC_WEAK = YES;
				CLANG_WARN_BLOCK_CAPTURE_AUTORELEASING = YES;
				CLANG_WARN_BOOL_CONVERSION = YES;
				CLANG_WARN_COMMA = YES;
				CLANG_WARN_CONSTANT_CONVERSION = YES;
				CLANG_WARN_DEPRECATED_OBJC_IMPLEMENTATIONS = YES;
				CLANG_WARN_DIRECT_OBJC_ISA_USAGE = YES_ERROR;
				CLANG_WARN_DOCUMENTATION_COMMENTS = YES;
				CLANG_WARN_EMPTY_BODY = YES;
				CLANG_WARN_ENUM_CONVERSION = YES;
				CLANG_WARN_INFINITE_RECURSION = YES;
				CLANG_WARN_INT_CONVERSION = YES;
				CLANG_WARN_NON_LITERAL_NULL_CONVERSION = YES;
				CLANG_WARN_OBJC_IMPLICIT_RETAIN_SELF = YES;
				CLANG_WARN_OBJC_LITERAL_CONVERSION = YES;
				CLANG_WARN_OBJC_ROOT_CLASS = YES_ERROR;
				CLANG_WARN_QUOTED_INCLUDE_IN_FRAMEWORK_HEADER = YES;
				CLANG_WARN_RANGE_LOOP_ANALYSIS = YES;
				CLANG_WARN_STRICT_PROTOTYPES = YES;
				CLANG_WARN_SUSPICIOUS_MOVE = YES;
				CLANG_WARN_UNGUARDED_AVAILABILITY = YES_AGGRESSIVE;
				CLANG_WARN_UNREACHABLE_CODE = YES;
				CLANG_WARN__DUPLICATE_METHOD_MATCH = YES;
				COPY_PHASE_STRIP = NO;
				DEBUG_INFORMATION_FORMAT = dwarf;
				ENABLE_STRICT_OBJC_MSGSEND = YES;
				ENABLE_TESTABILITY = YES;
				GCC_C_LANGUAGE_STANDARD = gnu11;
				GCC_DYNAMIC_NO_PIC = NO;
				GCC_NO_COMMON_BLOCKS = YES;
				GCC_OPTIMIZATION_LEVEL = 0;
				GCC_PREPROCESSOR_DEFINITIONS = (
					"DEBUG=1",
					"$(inherited)",
				);
				GCC_WARN_64_TO_32_BIT_CONVERSION = YES;
				GCC_WARN_ABOUT_RETURN_TYPE = YES_ERROR;
				GCC_WARN_UNDECLARED_SELECTOR = YES;
				GCC_WARN_UNINITIALIZED_AUTOS = YES_AGGRESSIVE;
				GCC_WARN_UNUSED_FUNCTION = YES;
				GCC_WARN_UNUSED_VARIABLE = YES;
				IPHONEOS_DEPLOYMENT_TARGET = 16.4;
				MTL_ENABLE_DEBUG_INFO = INCLUDE_SOURCE;
				MTL_FAST_MATH = YES;
				ONLY_ACTIVE_ARCH = YES;
				SDKROOT = iphoneos;
				SWIFT_ACTIVE_COMPILATION_CONDITIONS = DEBUG;
				SWIFT_OPTIMIZATION_LEVEL = "-Onone";
				SWIFT_STRICT_CONCURRENCY = complete;
			};
			name = Debug;
		};
		D6D652E12A8B160400D0D338 /* Release */ = {
			isa = XCBuildConfiguration;
			buildSettings = {
				ALWAYS_SEARCH_USER_PATHS = NO;
				CLANG_ANALYZER_NONNULL = YES;
				CLANG_ANALYZER_NUMBER_OBJECT_CONVERSION = YES_AGGRESSIVE;
				CLANG_CXX_LANGUAGE_STANDARD = "gnu++20";
				CLANG_ENABLE_MODULES = YES;
				CLANG_ENABLE_OBJC_ARC = YES;
				CLANG_ENABLE_OBJC_WEAK = YES;
				CLANG_WARN_BLOCK_CAPTURE_AUTORELEASING = YES;
				CLANG_WARN_BOOL_CONVERSION = YES;
				CLANG_WARN_COMMA = YES;
				CLANG_WARN_CONSTANT_CONVERSION = YES;
				CLANG_WARN_DEPRECATED_OBJC_IMPLEMENTATIONS = YES;
				CLANG_WARN_DIRECT_OBJC_ISA_USAGE = YES_ERROR;
				CLANG_WARN_DOCUMENTATION_COMMENTS = YES;
				CLANG_WARN_EMPTY_BODY = YES;
				CLANG_WARN_ENUM_CONVERSION = YES;
				CLANG_WARN_INFINITE_RECURSION = YES;
				CLANG_WARN_INT_CONVERSION = YES;
				CLANG_WARN_NON_LITERAL_NULL_CONVERSION = YES;
				CLANG_WARN_OBJC_IMPLICIT_RETAIN_SELF = YES;
				CLANG_WARN_OBJC_LITERAL_CONVERSION = YES;
				CLANG_WARN_OBJC_ROOT_CLASS = YES_ERROR;
				CLANG_WARN_QUOTED_INCLUDE_IN_FRAMEWORK_HEADER = YES;
				CLANG_WARN_RANGE_LOOP_ANALYSIS = YES;
				CLANG_WARN_STRICT_PROTOTYPES = YES;
				CLANG_WARN_SUSPICIOUS_MOVE = YES;
				CLANG_WARN_UNGUARDED_AVAILABILITY = YES_AGGRESSIVE;
				CLANG_WARN_UNREACHABLE_CODE = YES;
				CLANG_WARN__DUPLICATE_METHOD_MATCH = YES;
				COPY_PHASE_STRIP = NO;
				DEBUG_INFORMATION_FORMAT = "dwarf-with-dsym";
				ENABLE_NS_ASSERTIONS = NO;
				ENABLE_STRICT_OBJC_MSGSEND = YES;
				GCC_C_LANGUAGE_STANDARD = gnu11;
				GCC_NO_COMMON_BLOCKS = YES;
				GCC_WARN_64_TO_32_BIT_CONVERSION = YES;
				GCC_WARN_ABOUT_RETURN_TYPE = YES_ERROR;
				GCC_WARN_UNDECLARED_SELECTOR = YES;
				GCC_WARN_UNINITIALIZED_AUTOS = YES_AGGRESSIVE;
				GCC_WARN_UNUSED_FUNCTION = YES;
				GCC_WARN_UNUSED_VARIABLE = YES;
				IPHONEOS_DEPLOYMENT_TARGET = 16.4;
				MTL_ENABLE_DEBUG_INFO = NO;
				MTL_FAST_MATH = YES;
				SDKROOT = iphoneos;
				SWIFT_COMPILATION_MODE = wholemodule;
				SWIFT_OPTIMIZATION_LEVEL = "-O";
				SWIFT_STRICT_CONCURRENCY = complete;
				VALIDATE_PRODUCT = YES;
			};
			name = Release;
		};
		D6D652E32A8B160400D0D338 /* Debug */ = {
			isa = XCBuildConfiguration;
			buildSettings = {
				ASSETCATALOG_COMPILER_APPICON_NAME = AppIcon;
				ASSETCATALOG_COMPILER_GLOBAL_ACCENT_COLOR_NAME = AccentColor;
				CODE_SIGN_STYLE = Automatic;
				CURRENT_PROJECT_VERSION = 1;
				DEVELOPMENT_ASSET_PATHS = "\"SVVSSample/Preview Content\"";
				ENABLE_PREVIEWS = YES;
				GENERATE_INFOPLIST_FILE = YES;
				INFOPLIST_KEY_UIApplicationSceneManifest_Generation = YES;
				INFOPLIST_KEY_UIApplicationSupportsIndirectInputEvents = YES;
				INFOPLIST_KEY_UILaunchScreen_Generation = YES;
				INFOPLIST_KEY_UISupportedInterfaceOrientations_iPad = "UIInterfaceOrientationPortrait UIInterfaceOrientationPortraitUpsideDown UIInterfaceOrientationLandscapeLeft UIInterfaceOrientationLandscapeRight";
				INFOPLIST_KEY_UISupportedInterfaceOrientations_iPhone = "UIInterfaceOrientationPortrait UIInterfaceOrientationLandscapeLeft UIInterfaceOrientationLandscapeRight";
				LD_RUNPATH_SEARCH_PATHS = (
					"$(inherited)",
					"@executable_path/Frameworks",
				);
				MARKETING_VERSION = 1.0;
				PRODUCT_BUNDLE_IDENTIFIER = com.chatwork.SVVSSample;
				PRODUCT_NAME = "$(TARGET_NAME)";
				SWIFT_EMIT_LOC_STRINGS = YES;
				SWIFT_VERSION = 5.0;
				TARGETED_DEVICE_FAMILY = "1,2";
			};
			name = Debug;
		};
		D6D652E42A8B160400D0D338 /* Release */ = {
			isa = XCBuildConfiguration;
			buildSettings = {
				ASSETCATALOG_COMPILER_APPICON_NAME = AppIcon;
				ASSETCATALOG_COMPILER_GLOBAL_ACCENT_COLOR_NAME = AccentColor;
				CODE_SIGN_STYLE = Automatic;
				CURRENT_PROJECT_VERSION = 1;
				DEVELOPMENT_ASSET_PATHS = "\"SVVSSample/Preview Content\"";
				ENABLE_PREVIEWS = YES;
				GENERATE_INFOPLIST_FILE = YES;
				INFOPLIST_KEY_UIApplicationSceneManifest_Generation = YES;
				INFOPLIST_KEY_UIApplicationSupportsIndirectInputEvents = YES;
				INFOPLIST_KEY_UILaunchScreen_Generation = YES;
				INFOPLIST_KEY_UISupportedInterfaceOrientations_iPad = "UIInterfaceOrientationPortrait UIInterfaceOrientationPortraitUpsideDown UIInterfaceOrientationLandscapeLeft UIInterfaceOrientationLandscapeRight";
				INFOPLIST_KEY_UISupportedInterfaceOrientations_iPhone = "UIInterfaceOrientationPortrait UIInterfaceOrientationLandscapeLeft UIInterfaceOrientationLandscapeRight";
				LD_RUNPATH_SEARCH_PATHS = (
					"$(inherited)",
					"@executable_path/Frameworks",
				);
				MARKETING_VERSION = 1.0;
				PRODUCT_BUNDLE_IDENTIFIER = com.chatwork.SVVSSample;
				PRODUCT_NAME = "$(TARGET_NAME)";
				SWIFT_EMIT_LOC_STRINGS = YES;
				SWIFT_VERSION = 5.0;
				TARGETED_DEVICE_FAMILY = "1,2";
			};
			name = Release;
		};
		D6D652E62A8B160400D0D338 /* Debug */ = {
			isa = XCBuildConfiguration;
			buildSettings = {
				ALWAYS_EMBED_SWIFT_STANDARD_LIBRARIES = YES;
				BUNDLE_LOADER = "$(TEST_HOST)";
				CODE_SIGN_STYLE = Automatic;
				CURRENT_PROJECT_VERSION = 1;
				GENERATE_INFOPLIST_FILE = YES;
				IPHONEOS_DEPLOYMENT_TARGET = 16.4;
				MARKETING_VERSION = 1.0;
				PRODUCT_BUNDLE_IDENTIFIER = com.chatwork.SVVSSampleTests;
				PRODUCT_NAME = "$(TARGET_NAME)";
				SWIFT_EMIT_LOC_STRINGS = NO;
				SWIFT_VERSION = 5.0;
				TARGETED_DEVICE_FAMILY = "1,2";
				TEST_HOST = "$(BUILT_PRODUCTS_DIR)/SVVSSample.app/$(BUNDLE_EXECUTABLE_FOLDER_PATH)/SVVSSample";
			};
			name = Debug;
		};
		D6D652E72A8B160400D0D338 /* Release */ = {
			isa = XCBuildConfiguration;
			buildSettings = {
				ALWAYS_EMBED_SWIFT_STANDARD_LIBRARIES = YES;
				BUNDLE_LOADER = "$(TEST_HOST)";
				CODE_SIGN_STYLE = Automatic;
				CURRENT_PROJECT_VERSION = 1;
				GENERATE_INFOPLIST_FILE = YES;
				IPHONEOS_DEPLOYMENT_TARGET = 16.4;
				MARKETING_VERSION = 1.0;
				PRODUCT_BUNDLE_IDENTIFIER = com.chatwork.SVVSSampleTests;
				PRODUCT_NAME = "$(TARGET_NAME)";
				SWIFT_EMIT_LOC_STRINGS = NO;
				SWIFT_VERSION = 5.0;
				TARGETED_DEVICE_FAMILY = "1,2";
				TEST_HOST = "$(BUILT_PRODUCTS_DIR)/SVVSSample.app/$(BUNDLE_EXECUTABLE_FOLDER_PATH)/SVVSSample";
			};
			name = Release;
		};
		D6D652E92A8B160400D0D338 /* Debug */ = {
			isa = XCBuildConfiguration;
			buildSettings = {
				ALWAYS_EMBED_SWIFT_STANDARD_LIBRARIES = YES;
				CODE_SIGN_STYLE = Automatic;
				CURRENT_PROJECT_VERSION = 1;
				GENERATE_INFOPLIST_FILE = YES;
				MARKETING_VERSION = 1.0;
				PRODUCT_BUNDLE_IDENTIFIER = com.chatwork.SVVSSampleUITests;
				PRODUCT_NAME = "$(TARGET_NAME)";
				SWIFT_EMIT_LOC_STRINGS = NO;
				SWIFT_VERSION = 5.0;
				TARGETED_DEVICE_FAMILY = "1,2";
				TEST_TARGET_NAME = SVVSSample;
			};
			name = Debug;
		};
		D6D652EA2A8B160400D0D338 /* Release */ = {
			isa = XCBuildConfiguration;
			buildSettings = {
				ALWAYS_EMBED_SWIFT_STANDARD_LIBRARIES = YES;
				CODE_SIGN_STYLE = Automatic;
				CURRENT_PROJECT_VERSION = 1;
				GENERATE_INFOPLIST_FILE = YES;
				MARKETING_VERSION = 1.0;
				PRODUCT_BUNDLE_IDENTIFIER = com.chatwork.SVVSSampleUITests;
				PRODUCT_NAME = "$(TARGET_NAME)";
				SWIFT_EMIT_LOC_STRINGS = NO;
				SWIFT_VERSION = 5.0;
				TARGETED_DEVICE_FAMILY = "1,2";
				TEST_TARGET_NAME = SVVSSample;
			};
			name = Release;
		};
/* End XCBuildConfiguration section */

/* Begin XCConfigurationList section */
		D6D652B92A8B160100D0D338 /* Build configuration list for PBXProject "SVVSSample" */ = {
			isa = XCConfigurationList;
			buildConfigurations = (
				D6D652E02A8B160400D0D338 /* Debug */,
				D6D652E12A8B160400D0D338 /* Release */,
			);
			defaultConfigurationIsVisible = 0;
			defaultConfigurationName = Release;
		};
		D6D652E22A8B160400D0D338 /* Build configuration list for PBXNativeTarget "SVVSSample" */ = {
			isa = XCConfigurationList;
			buildConfigurations = (
				D6D652E32A8B160400D0D338 /* Debug */,
				D6D652E42A8B160400D0D338 /* Release */,
			);
			defaultConfigurationIsVisible = 0;
			defaultConfigurationName = Release;
		};
		D6D652E52A8B160400D0D338 /* Build configuration list for PBXNativeTarget "SVVSSampleTests" */ = {
			isa = XCConfigurationList;
			buildConfigurations = (
				D6D652E62A8B160400D0D338 /* Debug */,
				D6D652E72A8B160400D0D338 /* Release */,
			);
			defaultConfigurationIsVisible = 0;
			defaultConfigurationName = Release;
		};
		D6D652E82A8B160400D0D338 /* Build configuration list for PBXNativeTarget "SVVSSampleUITests" */ = {
			isa = XCConfigurationList;
			buildConfigurations = (
				D6D652E92A8B160400D0D338 /* Debug */,
				D6D652EA2A8B160400D0D338 /* Release */,
			);
			defaultConfigurationIsVisible = 0;
			defaultConfigurationName = Release;
		};
/* End XCConfigurationList section */

/* Begin XCRemoteSwiftPackageReference section */
		D68407E92A90D7300098B6AE /* XCRemoteSwiftPackageReference "swift-collections" */ = {
			isa = XCRemoteSwiftPackageReference;
			repositoryURL = "https://github.com/apple/swift-collections.git";
			requirement = {
				kind = upToNextMajorVersion;
				minimumVersion = 1.0.0;
			};
		};
		D6D652ED2A8B19E100D0D338 /* XCRemoteSwiftPackageReference "swift-id" */ = {
			isa = XCRemoteSwiftPackageReference;
			repositoryURL = "https://github.com/koher/swift-id.git";
			requirement = {
				kind = upToNextMajorVersion;
				minimumVersion = 1.0.0;
			};
		};
/* End XCRemoteSwiftPackageReference section */

/* Begin XCSwiftPackageProductDependency section */
		D68407EA2A90D7300098B6AE /* OrderedCollections */ = {
			isa = XCSwiftPackageProductDependency;
			package = D68407E92A90D7300098B6AE /* XCRemoteSwiftPackageReference "swift-collections" */;
			productName = OrderedCollections;
		};
		D6D652EE2A8B19E100D0D338 /* SwiftID */ = {
			isa = XCSwiftPackageProductDependency;
			package = D6D652ED2A8B19E100D0D338 /* XCRemoteSwiftPackageReference "swift-id" */;
			productName = SwiftID;
		};
/* End XCSwiftPackageProductDependency section */
	};
	rootObject = D6D652B62A8B160100D0D338 /* Project object */;
}
